
Microsoft Visual Studio Solution File, Format Version 12.00
# Visual Studio Version 17
VisualStudioVersion = 17.4.33122.133
MinimumVisualStudioVersion = 10.0.40219.1
Project("{FAE04EC0-301F-11D3-BF4B-00C04F79EFBC}") = "MusicStore", "MusicStore.csproj", "{B932A176-DA17-4501-BBE7-0328B08BBCB0}"
EndProject
Global
	GlobalSection(SolutionConfigurationPlatforms) = preSolution
		Debug|Any CPU = Debug|Any CPU
		Release|Any CPU = Release|Any CPU
	EndGlobalSection
	GlobalSection(ProjectConfigurationPlatforms) = postSolution
		{B932A176-DA17-4501-BBE7-0328B08BBCB0}.Debug|Any CPU.ActiveCfg = Debug|Any CPU
		{B932A176-DA17-4501-BBE7-0328B08BBCB0}.Debug|Any CPU.Build.0 = Debug|Any CPU
		{B932A176-DA17-4501-BBE7-0328B08BBCB0}.Release|Any CPU.ActiveCfg = Release|Any CPU
		{B932A176-DA17-4501-BBE7-0328B08BBCB0}.Release|Any CPU.Build.0 = Release|Any CPU
	EndGlobalSection
	GlobalSection(SolutionProperties) = preSolution
		HideSolutionNode = FALSE
	EndGlobalSection
	GlobalSection(ExtensibilityGlobals) = postSolution
		SolutionGuid = {8D043B33-C134-4A5C-B196-EC0BB54D4925}
	EndGlobalSection
EndGlobal
